
Microsoft Visual Studio Solution File, Format Version 12.00
# Visual Studio Version 17
VisualStudioVersion = 17.9.34622.214
MinimumVisualStudioVersion = 10.0.40219.1
Project("{FAE04EC0-301F-11D3-BF4B-00C04F79EFBC}") = "24.07.10", "24.07.10\24.07.10.csproj", "{30D8D6BD-EA8A-4B27-A2DA-9E8FCB1E9F64}"
EndProject
Global
	GlobalSection(SolutionConfigurationPlatforms) = preSolution
		Debug|Any CPU = Debug|Any CPU
		Release|Any CPU = Release|Any CPU
	EndGlobalSection
	GlobalSection(ProjectConfigurationPlatforms) = postSolution
		{30D8D6BD-EA8A-4B27-A2DA-9E8FCB1E9F64}.Debug|Any CPU.ActiveCfg = Debug|Any CPU
		{30D8D6BD-EA8A-4B27-A2DA-9E8FCB1E9F64}.Debug|Any CPU.Build.0 = Debug|Any CPU
		{30D8D6BD-EA8A-4B27-A2DA-9E8FCB1E9F64}.Release|Any CPU.ActiveCfg = Release|Any CPU
		{30D8D6BD-EA8A-4B27-A2DA-9E8FCB1E9F64}.Release|Any CPU.Build.0 = Release|Any CPU
	EndGlobalSection
	GlobalSection(SolutionProperties) = preSolution
		HideSolutionNode = FALSE
	EndGlobalSection
	GlobalSection(ExtensibilityGlobals) = postSolution
		SolutionGuid = {71652D70-E443-4C80-AEA4-21C63B90C34E}
	EndGlobalSection
EndGlobal
